
Microsoft Visual Studio Solution File, Format Version 12.00
# Visual Studio Version 17
VisualStudioVersion = 17.7.34221.43
MinimumVisualStudioVersion = 10.0.40219.1
Project("{8BC9CEB8-8B4A-11D0-8D11-00A0C91BC942}") = "ConsoleApplication3", "ConsoleApplication3\ConsoleApplication3.vcxproj", "{99BF6D8A-E7CE-4F6F-8D90-077A358050F0}"
EndProject
Global
	GlobalSection(SolutionConfigurationPlatforms) = preSolution
		Debug|x64 = Debug|x64
		Debug|x86 = Debug|x86
		Release|x64 = Release|x64
		Release|x86 = Release|x86
	EndGlobalSection
	GlobalSection(ProjectConfigurationPlatforms) = postSolution
		{99BF6D8A-E7CE-4F6F-8D90-077A358050F0}.Debug|x64.ActiveCfg = Debug|x64
		{99BF6D8A-E7CE-4F6F-8D90-077A358050F0}.Debug|x64.Build.0 = Debug|x64
		{99BF6D8A-E7CE-4F6F-8D90-077A358050F0}.Debug|x86.ActiveCfg = Debug|Win32
		{99BF6D8A-E7CE-4F6F-8D90-077A358050F0}.Debug|x86.Build.0 = Debug|Win32
		{99BF6D8A-E7CE-4F6F-8D90-077A358050F0}.Release|x64.ActiveCfg = Release|x64
		{99BF6D8A-E7CE-4F6F-8D90-077A358050F0}.Release|x64.Build.0 = Release|x64
		{99BF6D8A-E7CE-4F6F-8D90-077A358050F0}.Release|x86.ActiveCfg = Release|Win32
		{99BF6D8A-E7CE-4F6F-8D90-077A358050F0}.Release|x86.Build.0 = Release|Win32
	EndGlobalSection
	GlobalSection(SolutionProperties) = preSolution
		HideSolutionNode = FALSE
	EndGlobalSection
	GlobalSection(ExtensibilityGlobals) = postSolution
		SolutionGuid = {DA7347F2-24DE-4A4E-B19C-ED8447961EE4}
	EndGlobalSection
EndGlobal
